
Microsoft Visual Studio Solution File, Format Version 12.00
# Visual Studio Version 16
VisualStudioVersion = 16.0.30907.101
MinimumVisualStudioVersion = 10.0.40219.1
Project("{FAE04EC0-301F-11D3-BF4B-00C04F79EFBC}") = "Emlak", "Emlak\Emlak.csproj", "{584DAA52-C86E-4976-B6EF-5C0AF287B877}"
EndProject
Global
	GlobalSection(SolutionConfigurationPlatforms) = preSolution
		Debug|Any CPU = Debug|Any CPU
		Release|Any CPU = Release|Any CPU
	EndGlobalSection
	GlobalSection(ProjectConfigurationPlatforms) = postSolution
		{584DAA52-C86E-4976-B6EF-5C0AF287B877}.Debug|Any CPU.ActiveCfg = Debug|Any CPU
		{584DAA52-C86E-4976-B6EF-5C0AF287B877}.Debug|Any CPU.Build.0 = Debug|Any CPU
		{584DAA52-C86E-4976-B6EF-5C0AF287B877}.Release|Any CPU.ActiveCfg = Release|Any CPU
		{584DAA52-C86E-4976-B6EF-5C0AF287B877}.Release|Any CPU.Build.0 = Release|Any CPU
	EndGlobalSection
	GlobalSection(SolutionProperties) = preSolution
		HideSolutionNode = FALSE
	EndGlobalSection
	GlobalSection(ExtensibilityGlobals) = postSolution
		SolutionGuid = {F2A7E0CD-7302-4F6D-98E3-9C1276DFCC50}
	EndGlobalSection
EndGlobal
